
Microsoft Visual Studio Solution File, Format Version 12.00
# Visual Studio 15
VisualStudioVersion = 15.0.26730.16
MinimumVisualStudioVersion = 10.0.40219.1
Project("{8BC9CEB8-8B4A-11D0-8D11-00A0C91BC942}") = "trolleybus", "trolleybus\trolleybus.vcxproj", "{AE8B0244-61CD-49BA-A49F-6A646651CE12}"
EndProject
Global
	GlobalSection(SolutionConfigurationPlatforms) = preSolution
		Debug|x64 = Debug|x64
		Debug|x86 = Debug|x86
		Release|x64 = Release|x64
		Release|x86 = Release|x86
	EndGlobalSection
	GlobalSection(ProjectConfigurationPlatforms) = postSolution
		{AE8B0244-61CD-49BA-A49F-6A646651CE12}.Debug|x64.ActiveCfg = Debug|x64
		{AE8B0244-61CD-49BA-A49F-6A646651CE12}.Debug|x64.Build.0 = Debug|x64
		{AE8B0244-61CD-49BA-A49F-6A646651CE12}.Debug|x86.ActiveCfg = Debug|Win32
		{AE8B0244-61CD-49BA-A49F-6A646651CE12}.Debug|x86.Build.0 = Debug|Win32
		{AE8B0244-61CD-49BA-A49F-6A646651CE12}.Release|x64.ActiveCfg = Release|x64
		{AE8B0244-61CD-49BA-A49F-6A646651CE12}.Release|x64.Build.0 = Release|x64
		{AE8B0244-61CD-49BA-A49F-6A646651CE12}.Release|x86.ActiveCfg = Release|Win32
		{AE8B0244-61CD-49BA-A49F-6A646651CE12}.Release|x86.Build.0 = Release|Win32
	EndGlobalSection
	GlobalSection(SolutionProperties) = preSolution
		HideSolutionNode = FALSE
	EndGlobalSection
	GlobalSection(ExtensibilityGlobals) = postSolution
		SolutionGuid = {F09A29EF-FC77-4E80-AC1D-045D4C4E4713}
	EndGlobalSection
EndGlobal
